
Microsoft Visual Studio Solution File, Format Version 12.00
# Visual Studio 2013
VisualStudioVersion = 12.0.31101.0
MinimumVisualStudioVersion = 10.0.40219.1
Project("{FAE04EC0-301F-11D3-BF4B-00C04F79EFBC}") = "WSTransacciones", "WSTransacciones\WSTransacciones.csproj", "{A0BCE719-4E12-4D46-AAD1-A2E79291E7A5}"
EndProject
Project("{FAE04EC0-301F-11D3-BF4B-00C04F79EFBC}") = "Transacciones", "Transacciones\Transacciones.csproj", "{A035583B-0C74-4798-8140-3EEDADB4B53D}"
EndProject
Global
	GlobalSection(SolutionConfigurationPlatforms) = preSolution
		Debug|Any CPU = Debug|Any CPU
		Release|Any CPU = Release|Any CPU
	EndGlobalSection
	GlobalSection(ProjectConfigurationPlatforms) = postSolution
		{A0BCE719-4E12-4D46-AAD1-A2E79291E7A5}.Debug|Any CPU.ActiveCfg = Debug|Any CPU
		{A0BCE719-4E12-4D46-AAD1-A2E79291E7A5}.Debug|Any CPU.Build.0 = Debug|Any CPU
		{A0BCE719-4E12-4D46-AAD1-A2E79291E7A5}.Release|Any CPU.ActiveCfg = Release|Any CPU
		{A0BCE719-4E12-4D46-AAD1-A2E79291E7A5}.Release|Any CPU.Build.0 = Release|Any CPU
		{A035583B-0C74-4798-8140-3EEDADB4B53D}.Debug|Any CPU.ActiveCfg = Debug|Any CPU
		{A035583B-0C74-4798-8140-3EEDADB4B53D}.Debug|Any CPU.Build.0 = Debug|Any CPU
		{A035583B-0C74-4798-8140-3EEDADB4B53D}.Release|Any CPU.ActiveCfg = Release|Any CPU
		{A035583B-0C74-4798-8140-3EEDADB4B53D}.Release|Any CPU.Build.0 = Release|Any CPU
	EndGlobalSection
	GlobalSection(SolutionProperties) = preSolution
		HideSolutionNode = FALSE
	EndGlobalSection
EndGlobal
